// !$*UTF8*$!
{
	archiveVersion = 1;
	classes = {
	};
	objectVersion = 46;
	objects = {

/* Begin PBXBuildFile section */
		7768D70E1F31EEBD00239118 /* CommonComponent.m in Sources */ = {isa = PBXBuildFile; fileRef = 7768D70D1F31EEBD00239118 /* CommonComponent.m */; };
		7768D70F1F31EEBD00239118 /* CommonComponent.h in CopyFiles */ = {isa = PBXBuildFile; fileRef = 7768D70C1F31EEBD00239118 /* CommonComponent.h */; };
/* End PBXBuildFile section */

/* Begin PBXCopyFilesBuildPhase section */
		7768D7071F31EEBD00239118 /* CopyFiles */ = {
			isa = PBXCopyFilesBuildPhase;
			buildActionMask = 2147483647;
			dstPath = "include/$(PRODUCT_NAME)";
			dstSubfolderSpec = 16;
			files = (
				7768D70F1F31EEBD00239118 /* CommonComponent.h in CopyFiles */,
			);
			runOnlyForDeploymentPostprocessing = 0;
		};
/* End PBXCopyFilesBuildPhase section */

/* Begin PBXFileReference section */
		7768D7091F31EEBD00239118 /* libCommonComponent.a */ = {isa = PBXFileReference; explicitFileType = archive.ar; includeInIndex = 0; path = libCommonComponent.a; sourceTree = BUILT_PRODUCTS_DIR; };
		7768D70C1F31EEBD00239118 /* CommonComponent.h */ = {isa = PBXFileReference; lastKnownFileType = sourcecode.c.h; path = CommonComponent.h; sourceTree = "<group>"; };
		7768D70D1F31EEBD00239118 /* CommonComponent.m */ = {isa = PBXFileReference; lastKnownFileType = sourcecode.c.objc; path = CommonComponent.m; sourceTree = "<group>"; };
/* End PBXFileReference section */

/* Begin PBXFrameworksBuildPhase section */
		7768D7061F31EEBD00239118 /* Frameworks */ = {
			isa = PBXFrameworksBuildPhase;
			buildActionMask = 2147483647;
			files = (
			);
			runOnlyForDeploymentPostprocessing = 0;
		};
/* End PBXFrameworksBuildPhase section */

/* Begin PBXGroup section */
		7768D7001F31EEBD00239118 = {
			isa = PBXGroup;
			children = (
				7768D70B1F31EEBD00239118 /* CommonComponent */,
				7768D70A1F31EEBD00239118 /* Products */,
			);
			sourceTree = "<group>";
		};
		7768D70A1F31EEBD00239118 /* Products */ = {
			isa = PBXGroup;
			children = (
				7768D7091F31EEBD00239118 /* libCommonComponent.a */,
			);
			name = Products;
			sourceTree = "<group>";
		};
		7768D70B1F31EEBD00239118 /* CommonComponent */ = {
			isa = PBXGroup;
			children = (
				7768D70C1F31EEBD00239118 /* CommonComponent.h */,
				7768D70D1F31EEBD00239118 /* CommonComponent.m */,
			);
			path = CommonComponent;
			sourceTree = "<group>";
		};
/* End PBXGroup section */

/* Begin PBXNativeTarget section */
		7768D7081F31EEBD00239118 /* CommonComponent */ = {
			isa = PBXNativeTarget;
			buildConfigurationList = 7768D7121F31EEBD00239118 /* Build configuration list for PBXNativeTarget "CommonComponent" */;
			buildPhases = (
				7768D7051F31EEBD00239118 /* Sources */,
				7768D7061F31EEBD00239118 /* Frameworks */,
				7768D7071F31EEBD00239118 /* CopyFiles */,
			);
			buildRules = (
			);
			dependencies = (
			);
			name = CommonComponent;
			productName = CommonComponent;
			productReference = 7768D7091F31EEBD00239118 /* libCommonComponent.a */;
			productType = "com.apple.product-type.library.static";
		};
/* End PBXNativeTarget section */

/* Begin PBXProject section */
		7768D7011F31EEBD00239118 /* Project object */ = {
			isa = PBXProject;
			attributes = {
				LastUpgradeCheck = 0830;
				ORGANIZATIONNAME = wx;
				TargetAttributes = {
					7768D7081F31EEBD00239118 = {
						CreatedOnToolsVersion = 8.3.3;
						DevelopmentTeam = 4QQ5RB6ZS5;
						ProvisioningStyle = Automatic;
					};
				};
			};
			buildConfigurationList = 7768D7041F31EEBD00239118 /* Build configuration list for PBXProject "CommonComponent" */;
			compatibilityVersion = "Xcode 3.2";
			developmentRegion = English;
			hasScannedForEncodings = 0;
			knownRegions = (
				en,
			);
			mainGroup = 7768D7001F31EEBD00239118;
			productRefGroup = 7768D70A1F31EEBD00239118 /* Products */;
			projectDirPath = "";
			projectRoot = "";
			targets = (
				7768D7081F31EEBD00239118 /* CommonComponent */,
			);
		};
/* End PBXProject section */

/* Begin PBXSourcesBuildPhase section */
		7768D7051F31EEBD00239118 /* Sources */ = {
			isa = PBXSourcesBuildPhase;
			buildActionMask = 2147483647;
			files = (
				7768D70E1F31EEBD00239118 /* CommonComponent.m in Sources */,
			);
			runOnlyForDeploymentPostprocessing = 0;
		};
/* End PBXSourcesBuildPhase section */

/* Begin XCBuildConfiguration section */
		7768D7101F31EEBD00239118 /* Debug */ = {
			isa = XCBuildConfiguration;
			buildSettings = {
				ALWAYS_SEARCH_USER_PATHS = NO;
				CLANG_ANALYZER_NONNULL = YES;
				CLANG_ANALYZER_NUMBER_OBJECT_CONVERSION = YES_AGGRESSIVE;
				CLANG_CXX_LANGUAGE_STANDARD = "gnu++0x";
				CLANG_CXX_LIBRARY = "libc++";
				CLANG_ENABLE_MODULES = YES;
				CLANG_ENABLE_OBJC_ARC = YES;
				CLANG_WARN_BOOL_CONVERSION = YES;
				CLANG_WARN_CONSTANT_CONVERSION = YES;
				CLANG_WARN_DIRECT_OBJC_ISA_USAGE = YES_ERROR;
				CLANG_WARN_DOCUMENTATION_COMMENTS = YES;
				CLANG_WARN_EMPTY_BODY = YES;
				CLANG_WARN_ENUM_CONVERSION = YES;
				CLANG_WARN_INFINITE_RECURSION = YES;
				CLANG_WARN_INT_CONVERSION = YES;
				CLANG_WARN_OBJC_ROOT_CLASS = YES_ERROR;
				CLANG_WARN_SUSPICIOUS_MOVE = YES;
				CLANG_WARN_UNREACHABLE_CODE = YES;
				CLANG_WARN__DUPLICATE_METHOD_MATCH = YES;
				"CODE_SIGN_IDENTITY[sdk=iphoneos*]" = "iPhone Developer";
				COPY_PHASE_STRIP = NO;
				DEBUG_INFORMATION_FORMAT = dwarf;
				ENABLE_STRICT_OBJC_MSGSEND = YES;
				ENABLE_TESTABILITY = YES;
				GCC_C_LANGUAGE_STANDARD = gnu99;
				GCC_DYNAMIC_NO_PIC = NO;
				GCC_NO_COMMON_BLOCKS = YES;
				GCC_OPTIMIZATION_LEVEL = 0;
				GCC_PREPROCESSOR_DEFINITIONS = (
					"DEBUG=1",
					"$(inherited)",
				);
				GCC_WARN_64_TO_32_BIT_CONVERSION = YES;
				GCC_WARN_ABOUT_RETURN_TYPE = YES_ERROR;
				GCC_WARN_UNDECLARED_SELECTOR = YES;
				GCC_WARN_UNINITIALIZED_AUTOS = YES_AGGRESSIVE;
				GCC_WARN_UNUSED_FUNCTION = YES;
				GCC_WARN_UNUSED_VARIABLE = YES;
				IPHONEOS_DEPLOYMENT_TARGET = 10.3;
				MTL_ENABLE_DEBUG_INFO = YES;
				ONLY_ACTIVE_ARCH = YES;
				SDKROOT = iphoneos;
			};
			name = Debug;
		};
		7768D7111F31EEBD00239118 /* Release */ = {
			isa = XCBuildConfiguration;
			buildSettings = {
				ALWAYS_SEARCH_USER_PATHS = NO;
				CLANG_ANALYZER_NONNULL = YES;
				CLANG_ANALYZER_NUMBER_OBJECT_CONVERSION = YES_AGGRESSIVE;
				CLANG_CXX_LANGUAGE_STANDARD = "gnu++0x";
				CLANG_CXX_LIBRARY = "libc++";
				CLANG_ENABLE_MODULES = YES;
				CLANG_ENABLE_OBJC_ARC = YES;
				CLANG_WARN_BOOL_CONVERSION = YES;
				CLANG_WARN_CONSTANT_CONVERSION = YES;
				CLANG_WARN_DIRECT_OBJC_ISA_USAGE = YES_ERROR;
				CLANG_WARN_DOCUMENTATION_COMMENTS = YES;
				CLANG_WARN_EMPTY_BODY = YES;
				CLANG_WARN_ENUM_CONVERSION = YES;
				CLANG_WARN_INFINITE_RECURSION = YES;
				CLANG_WARN_INT_CONVERSION = YES;
				CLANG_WARN_OBJC_ROOT_CLASS = YES_ERROR;
				CLANG_WARN_SUSPICIOUS_MOVE = YES;
				CLANG_WARN_UNREACHABLE_CODE = YES;
				CLANG_WARN__DUPLICATE_METHOD_MATCH = YES;
				"CODE_SIGN_IDENTITY[sdk=iphoneos*]" = "iPhone Developer";
				COPY_PHASE_STRIP = NO;
				DEBUG_INFORMATION_FORMAT = "dwarf-with-dsym";
				ENABLE_NS_ASSERTIONS = NO;
				ENABLE_STRICT_OBJC_MSGSEND = YES;
				GCC_C_LANGUAGE_STANDARD = gnu99;
				GCC_NO_COMMON_BLOCKS = YES;
				GCC_WARN_64_TO_32_BIT_CONVERSION = YES;
				GCC_WARN_ABOUT_RETURN_TYPE = YES_ERROR;
				GCC_WARN_UNDECLARED_SELECTOR = YES;
				GCC_WARN_UNINITIALIZED_AUTOS = YES_AGGRESSIVE;
				GCC_WARN_UNUSED_FUNCTION = YES;
				GCC_WARN_UNUSED_VARIABLE = YES;
				IPHONEOS_DEPLOYMENT_TARGET = 10.3;
				MTL_ENABLE_DEBUG_INFO = NO;
				SDKROOT = iphoneos;
				VALIDATE_PRODUCT = YES;
			};
			name = Release;
		};
		7768D7131F31EEBD00239118 /* Debug */ = {
			isa = XCBuildConfiguration;
			buildSettings = {
				DEVELOPMENT_TEAM = 4QQ5RB6ZS5;
				OTHER_LDFLAGS = "-ObjC";
				PRODUCT_NAME = "$(TARGET_NAME)";
				SKIP_INSTALL = YES;
			};
			name = Debug;
		};
		7768D7141F31EEBD00239118 /* Release */ = {
			isa = XCBuildConfiguration;
			buildSettings = {
				DEVELOPMENT_TEAM = 4QQ5RB6ZS5;
				OTHER_LDFLAGS = "-ObjC";
				PRODUCT_NAME = "$(TARGET_NAME)";
				SKIP_INSTALL = YES;
			};
			name = Release;
		};
/* End XCBuildConfiguration section */

/* Begin XCConfigurationList section */
		7768D7041F31EEBD00239118 /* Build configuration list for PBXProject "CommonComponent" */ = {
			isa = XCConfigurationList;
			buildConfigurations = (
				7768D7101F31EEBD00239118 /* Debug */,
				7768D7111F31EEBD00239118 /* Release */,
			);
			defaultConfigurationIsVisible = 0;
			defaultConfigurationName = Release;
		};
		7768D7121F31EEBD00239118 /* Build configuration list for PBXNativeTarget "CommonComponent" */ = {
			isa = XCConfigurationList;
			buildConfigurations = (
				7768D7131F31EEBD00239118 /* Debug */,
				7768D7141F31EEBD00239118 /* Release */,
			);
			defaultConfigurationIsVisible = 0;
		};
/* End XCConfigurationList section */
	};
	rootObject = 7768D7011F31EEBD00239118 /* Project object */;
}
