// !$*UTF8*$!
{
	archiveVersion = 1;
	classes = {
	};
	objectVersion = 46;
	objects = {

/* Begin PBXBuildFile section */
		64CE02E5A12161C71BEF76C8 /* libPods-CommonComponent.a in Frameworks */ = {isa = PBXBuildFile; fileRef = 0A13CABA9088CE41520C901F /* libPods-CommonComponent.a */; };
		7768D70E1F31EEBD00239118 /* CommonComponent.m in Sources */ = {isa = PBXBuildFile; fileRef = 7768D70D1F31EEBD00239118 /* CommonComponent.m */; };
		7768D70F1F31EEBD00239118 /* CommonComponent.h in CopyFiles */ = {isa = PBXBuildFile; fileRef = 7768D70C1F31EEBD00239118 /* CommonComponent.h */; };
		7768D71D1F31EF5E00239118 /* NSObject+MyDescription.m in Sources */ = {isa = PBXBuildFile; fileRef = 7768D71C1F31EF5E00239118 /* NSObject+MyDescription.m */; };
		7768D7201F31EF6C00239118 /* DefaultDelegateObject.m in Sources */ = {isa = PBXBuildFile; fileRef = 7768D71F1F31EF6C00239118 /* DefaultDelegateObject.m */; };
		7768D7231F31EF7700239118 /* DefaultModel.m in Sources */ = {isa = PBXBuildFile; fileRef = 7768D7221F31EF7700239118 /* DefaultModel.m */; };
		7768D7261F31EF7F00239118 /* DefaultTableCell.m in Sources */ = {isa = PBXBuildFile; fileRef = 7768D7251F31EF7F00239118 /* DefaultTableCell.m */; };
		7768D7291F31EF9100239118 /* ViewController.m in Sources */ = {isa = PBXBuildFile; fileRef = 7768D7281F31EF9100239118 /* ViewController.m */; };
/* End PBXBuildFile section */

/* Begin PBXCopyFilesBuildPhase section */
		7768D7071F31EEBD00239118 /* CopyFiles */ = {
			isa = PBXCopyFilesBuildPhase;
			buildActionMask = 2147483647;
			dstPath = "include/$(PRODUCT_NAME)";
			dstSubfolderSpec = 16;
			files = (
				7768D70F1F31EEBD00239118 /* CommonComponent.h in CopyFiles */,
			);
			runOnlyForDeploymentPostprocessing = 0;
		};
/* End PBXCopyFilesBuildPhase section */

/* Begin PBXFileReference section */
		0A13CABA9088CE41520C901F /* libPods-CommonComponent.a */ = {isa = PBXFileReference; explicitFileType = archive.ar; includeInIndex = 0; path = "libPods-CommonComponent.a"; sourceTree = BUILT_PRODUCTS_DIR; };
		7768D7091F31EEBD00239118 /* libCommonComponent.a */ = {isa = PBXFileReference; explicitFileType = archive.ar; includeInIndex = 0; path = libCommonComponent.a; sourceTree = BUILT_PRODUCTS_DIR; };
		7768D70C1F31EEBD00239118 /* CommonComponent.h */ = {isa = PBXFileReference; lastKnownFileType = sourcecode.c.h; path = CommonComponent.h; sourceTree = "<group>"; };
		7768D70D1F31EEBD00239118 /* CommonComponent.m */ = {isa = PBXFileReference; lastKnownFileType = sourcecode.c.objc; path = CommonComponent.m; sourceTree = "<group>"; };
		7768D71B1F31EF5E00239118 /* NSObject+MyDescription.h */ = {isa = PBXFileReference; fileEncoding = 4; lastKnownFileType = sourcecode.c.h; path = "NSObject+MyDescription.h"; sourceTree = "<group>"; };
		7768D71C1F31EF5E00239118 /* NSObject+MyDescription.m */ = {isa = PBXFileReference; fileEncoding = 4; lastKnownFileType = sourcecode.c.objc; path = "NSObject+MyDescription.m"; sourceTree = "<group>"; };
		7768D71E1F31EF6C00239118 /* DefaultDelegateObject.h */ = {isa = PBXFileReference; fileEncoding = 4; lastKnownFileType = sourcecode.c.h; path = DefaultDelegateObject.h; sourceTree = "<group>"; };
		7768D71F1F31EF6C00239118 /* DefaultDelegateObject.m */ = {isa = PBXFileReference; fileEncoding = 4; lastKnownFileType = sourcecode.c.objc; path = DefaultDelegateObject.m; sourceTree = "<group>"; };
		7768D7211F31EF7700239118 /* DefaultModel.h */ = {isa = PBXFileReference; fileEncoding = 4; lastKnownFileType = sourcecode.c.h; path = DefaultModel.h; sourceTree = "<group>"; };
		7768D7221F31EF7700239118 /* DefaultModel.m */ = {isa = PBXFileReference; fileEncoding = 4; lastKnownFileType = sourcecode.c.objc; path = DefaultModel.m; sourceTree = "<group>"; };
		7768D7241F31EF7F00239118 /* DefaultTableCell.h */ = {isa = PBXFileReference; fileEncoding = 4; lastKnownFileType = sourcecode.c.h; path = DefaultTableCell.h; sourceTree = "<group>"; };
		7768D7251F31EF7F00239118 /* DefaultTableCell.m */ = {isa = PBXFileReference; fileEncoding = 4; lastKnownFileType = sourcecode.c.objc; path = DefaultTableCell.m; sourceTree = "<group>"; };
		7768D7271F31EF9100239118 /* ViewController.h */ = {isa = PBXFileReference; fileEncoding = 4; lastKnownFileType = sourcecode.c.h; path = ViewController.h; sourceTree = "<group>"; };
		7768D7281F31EF9100239118 /* ViewController.m */ = {isa = PBXFileReference; fileEncoding = 4; lastKnownFileType = sourcecode.c.objc; path = ViewController.m; sourceTree = "<group>"; };
		8A70CD6013CD73F9F32D78CF /* Pods-CommonComponent.debug.xcconfig */ = {isa = PBXFileReference; includeInIndex = 1; lastKnownFileType = text.xcconfig; name = "Pods-CommonComponent.debug.xcconfig"; path = "../Pods/Target Support Files/Pods-CommonComponent/Pods-CommonComponent.debug.xcconfig"; sourceTree = "<group>"; };
		F373FCDB5DDF3C5944FDF383 /* Pods-CommonComponent.release.xcconfig */ = {isa = PBXFileReference; includeInIndex = 1; lastKnownFileType = text.xcconfig; name = "Pods-CommonComponent.release.xcconfig"; path = "../Pods/Target Support Files/Pods-CommonComponent/Pods-CommonComponent.release.xcconfig"; sourceTree = "<group>"; };
/* End PBXFileReference section */

/* Begin PBXFrameworksBuildPhase section */
		7768D7061F31EEBD00239118 /* Frameworks */ = {
			isa = PBXFrameworksBuildPhase;
			buildActionMask = 2147483647;
			files = (
				64CE02E5A12161C71BEF76C8 /* libPods-CommonComponent.a in Frameworks */,
			);
			runOnlyForDeploymentPostprocessing = 0;
		};
/* End PBXFrameworksBuildPhase section */

/* Begin PBXGroup section */
		1D8370469E3074C8AE0A0136 /* Frameworks */ = {
			isa = PBXGroup;
			children = (
				0A13CABA9088CE41520C901F /* libPods-CommonComponent.a */,
			);
			name = Frameworks;
			sourceTree = "<group>";
		};
		2628F7DE738393781DD40310 /* Pods */ = {
			isa = PBXGroup;
			children = (
				8A70CD6013CD73F9F32D78CF /* Pods-CommonComponent.debug.xcconfig */,
				F373FCDB5DDF3C5944FDF383 /* Pods-CommonComponent.release.xcconfig */,
			);
			name = Pods;
			sourceTree = "<group>";
		};
		7768D7001F31EEBD00239118 = {
			isa = PBXGroup;
			children = (
				7768D70B1F31EEBD00239118 /* CommonComponent */,
				7768D70A1F31EEBD00239118 /* Products */,
				2628F7DE738393781DD40310 /* Pods */,
				1D8370469E3074C8AE0A0136 /* Frameworks */,
			);
			sourceTree = "<group>";
		};
		7768D70A1F31EEBD00239118 /* Products */ = {
			isa = PBXGroup;
			children = (
				7768D7091F31EEBD00239118 /* libCommonComponent.a */,
			);
			name = Products;
			sourceTree = "<group>";
		};
		7768D70B1F31EEBD00239118 /* CommonComponent */ = {
			isa = PBXGroup;
			children = (
				7768D71A1F31EF3D00239118 /* Category */,
				7768D7191F31EF3900239118 /* View */,
				7768D70C1F31EEBD00239118 /* CommonComponent.h */,
				7768D70D1F31EEBD00239118 /* CommonComponent.m */,
			);
			path = CommonComponent;
			sourceTree = "<group>";
		};
		7768D7151F31EED400239118 /* WXTableView */ = {
			isa = PBXGroup;
			children = (
				7768D7181F31EEF600239118 /* Control */,
				7768D7161F31EEE400239118 /* Model */,
				7768D7171F31EEEF00239118 /* View */,
			);
			name = WXTableView;
			path = WXTableView;
			sourceTree = "<group>";
		};
		7768D7161F31EEE400239118 /* Model */ = {
			isa = PBXGroup;
			children = (
				7768D71E1F31EF6C00239118 /* DefaultDelegateObject.h */,
				7768D71F1F31EF6C00239118 /* DefaultDelegateObject.m */,
				7768D7211F31EF7700239118 /* DefaultModel.h */,
				7768D7221F31EF7700239118 /* DefaultModel.m */,
			);
			name = Model;
			path = Model;
			sourceTree = "<group>";
		};
		7768D7171F31EEEF00239118 /* View */ = {
			isa = PBXGroup;
			children = (
				7768D7241F31EF7F00239118 /* DefaultTableCell.h */,
				7768D7251F31EF7F00239118 /* DefaultTableCell.m */,
			);
			name = View;
			path = View;
			sourceTree = "<group>";
		};
		7768D7181F31EEF600239118 /* Control */ = {
			isa = PBXGroup;
			children = (
				7768D7271F31EF9100239118 /* ViewController.h */,
				7768D7281F31EF9100239118 /* ViewController.m */,
			);
			name = Control;
			path = Control;
			sourceTree = "<group>";
		};
		7768D7191F31EF3900239118 /* View */ = {
			isa = PBXGroup;
			children = (
				7768D7151F31EED400239118 /* WXTableView */,
			);
			name = View;
			path = View;
			sourceTree = "<group>";
		};
		7768D71A1F31EF3D00239118 /* Category */ = {
			isa = PBXGroup;
			children = (
				7768D71B1F31EF5E00239118 /* NSObject+MyDescription.h */,
				7768D71C1F31EF5E00239118 /* NSObject+MyDescription.m */,
			);
			name = Category;
			path = Category;
			sourceTree = "<group>";
		};
/* End PBXGroup section */

/* Begin PBXNativeTarget section */
		7768D7081F31EEBD00239118 /* CommonComponent */ = {
			isa = PBXNativeTarget;
			buildConfigurationList = 7768D7121F31EEBD00239118 /* Build configuration list for PBXNativeTarget "CommonComponent" */;
			buildPhases = (
				21135F6552155D58B590AFAA /* [CP] Check Pods Manifest.lock */,
				7768D7051F31EEBD00239118 /* Sources */,
				7768D7061F31EEBD00239118 /* Frameworks */,
				7768D7071F31EEBD00239118 /* CopyFiles */,
				5A2C945DC6097734B286E4CD /* [CP] Copy Pods Resources */,
			);
			buildRules = (
			);
			dependencies = (
			);
			name = CommonComponent;
			productName = CommonComponent;
			productReference = 7768D7091F31EEBD00239118 /* libCommonComponent.a */;
			productType = "com.apple.product-type.library.static";
		};
/* End PBXNativeTarget section */

/* Begin PBXProject section */
		7768D7011F31EEBD00239118 /* Project object */ = {
			isa = PBXProject;
			attributes = {
				LastUpgradeCheck = 0830;
				ORGANIZATIONNAME = wx;
				TargetAttributes = {
					7768D7081F31EEBD00239118 = {
						CreatedOnToolsVersion = 8.3.3;
						DevelopmentTeam = 4QQ5RB6ZS5;
						ProvisioningStyle = Automatic;
					};
				};
			};
			buildConfigurationList = 7768D7041F31EEBD00239118 /* Build configuration list for PBXProject "CommonComponent" */;
			compatibilityVersion = "Xcode 3.2";
			developmentRegion = English;
			hasScannedForEncodings = 0;
			knownRegions = (
				en,
			);
			mainGroup = 7768D7001F31EEBD00239118;
			productRefGroup = 7768D70A1F31EEBD00239118 /* Products */;
			projectDirPath = "";
			projectRoot = "";
			targets = (
				7768D7081F31EEBD00239118 /* CommonComponent */,
			);
		};
/* End PBXProject section */

/* Begin PBXShellScriptBuildPhase section */
		21135F6552155D58B590AFAA /* [CP] Check Pods Manifest.lock */ = {
			isa = PBXShellScriptBuildPhase;
			buildActionMask = 2147483647;
			files = (
			);
			inputPaths = (
				"${PODS_PODFILE_DIR_PATH}/Podfile.lock",
				"${PODS_ROOT}/Manifest.lock",
			);
			name = "[CP] Check Pods Manifest.lock";
			outputPaths = (
				"$(DERIVED_FILE_DIR)/Pods-CommonComponent-checkManifestLockResult.txt",
			);
			runOnlyForDeploymentPostprocessing = 0;
			shellPath = /bin/sh;
			shellScript = "diff \"${PODS_PODFILE_DIR_PATH}/Podfile.lock\" \"${PODS_ROOT}/Manifest.lock\" > /dev/null\nif [ $? != 0 ] ; then\n    # print error to STDERR\n    echo \"error: The sandbox is not in sync with the Podfile.lock. Run 'pod install' or update your CocoaPods installation.\" >&2\n    exit 1\nfi\n# This output is used by Xcode 'outputs' to avoid re-running this script phase.\necho \"SUCCESS\" > \"${SCRIPT_OUTPUT_FILE_0}\"\n";
			showEnvVarsInLog = 0;
		};
		5A2C945DC6097734B286E4CD /* [CP] Copy Pods Resources */ = {
			isa = PBXShellScriptBuildPhase;
			buildActionMask = 2147483647;
			files = (
			);
			inputPaths = (
			);
			name = "[CP] Copy Pods Resources";
			outputPaths = (
			);
			runOnlyForDeploymentPostprocessing = 0;
			shellPath = /bin/sh;
			shellScript = "\"${SRCROOT}/../Pods/Target Support Files/Pods-CommonComponent/Pods-CommonComponent-resources.sh\"\n";
			showEnvVarsInLog = 0;
		};
/* End PBXShellScriptBuildPhase section */

/* Begin PBXSourcesBuildPhase section */
		7768D7051F31EEBD00239118 /* Sources */ = {
			isa = PBXSourcesBuildPhase;
			buildActionMask = 2147483647;
			files = (
				7768D7291F31EF9100239118 /* ViewController.m in Sources */,
				7768D7201F31EF6C00239118 /* DefaultDelegateObject.m in Sources */,
				7768D71D1F31EF5E00239118 /* NSObject+MyDescription.m in Sources */,
				7768D70E1F31EEBD00239118 /* CommonComponent.m in Sources */,
				7768D7231F31EF7700239118 /* DefaultModel.m in Sources */,
				7768D7261F31EF7F00239118 /* DefaultTableCell.m in Sources */,
			);
			runOnlyForDeploymentPostprocessing = 0;
		};
/* End PBXSourcesBuildPhase section */

/* Begin XCBuildConfiguration section */
		7768D7101F31EEBD00239118 /* Debug */ = {
			isa = XCBuildConfiguration;
			buildSettings = {
				ALWAYS_SEARCH_USER_PATHS = NO;
				CLANG_ANALYZER_NONNULL = YES;
				CLANG_ANALYZER_NUMBER_OBJECT_CONVERSION = YES_AGGRESSIVE;
				CLANG_CXX_LANGUAGE_STANDARD = "gnu++0x";
				CLANG_CXX_LIBRARY = "libc++";
				CLANG_ENABLE_MODULES = YES;
				CLANG_ENABLE_OBJC_ARC = YES;
				CLANG_WARN_BOOL_CONVERSION = YES;
				CLANG_WARN_CONSTANT_CONVERSION = YES;
				CLANG_WARN_DIRECT_OBJC_ISA_USAGE = YES_ERROR;
				CLANG_WARN_DOCUMENTATION_COMMENTS = YES;
				CLANG_WARN_EMPTY_BODY = YES;
				CLANG_WARN_ENUM_CONVERSION = YES;
				CLANG_WARN_INFINITE_RECURSION = YES;
				CLANG_WARN_INT_CONVERSION = YES;
				CLANG_WARN_OBJC_ROOT_CLASS = YES_ERROR;
				CLANG_WARN_SUSPICIOUS_MOVE = YES;
				CLANG_WARN_UNREACHABLE_CODE = YES;
				CLANG_WARN__DUPLICATE_METHOD_MATCH = YES;
				"CODE_SIGN_IDENTITY[sdk=iphoneos*]" = "iPhone Developer";
				COPY_PHASE_STRIP = NO;
				DEBUG_INFORMATION_FORMAT = dwarf;
				ENABLE_STRICT_OBJC_MSGSEND = YES;
				ENABLE_TESTABILITY = YES;
				GCC_C_LANGUAGE_STANDARD = gnu99;
				GCC_DYNAMIC_NO_PIC = NO;
				GCC_NO_COMMON_BLOCKS = YES;
				GCC_OPTIMIZATION_LEVEL = 0;
				GCC_PREPROCESSOR_DEFINITIONS = (
					"DEBUG=1",
					"$(inherited)",
				);
				GCC_WARN_64_TO_32_BIT_CONVERSION = YES;
				GCC_WARN_ABOUT_RETURN_TYPE = YES_ERROR;
				GCC_WARN_UNDECLARED_SELECTOR = YES;
				GCC_WARN_UNINITIALIZED_AUTOS = YES_AGGRESSIVE;
				GCC_WARN_UNUSED_FUNCTION = YES;
				GCC_WARN_UNUSED_VARIABLE = YES;
				IPHONEOS_DEPLOYMENT_TARGET = 10.3;
				MTL_ENABLE_DEBUG_INFO = YES;
				ONLY_ACTIVE_ARCH = YES;
				SDKROOT = iphoneos;
			};
			name = Debug;
		};
		7768D7111F31EEBD00239118 /* Release */ = {
			isa = XCBuildConfiguration;
			buildSettings = {
				ALWAYS_SEARCH_USER_PATHS = NO;
				CLANG_ANALYZER_NONNULL = YES;
				CLANG_ANALYZER_NUMBER_OBJECT_CONVERSION = YES_AGGRESSIVE;
				CLANG_CXX_LANGUAGE_STANDARD = "gnu++0x";
				CLANG_CXX_LIBRARY = "libc++";
				CLANG_ENABLE_MODULES = YES;
				CLANG_ENABLE_OBJC_ARC = YES;
				CLANG_WARN_BOOL_CONVERSION = YES;
				CLANG_WARN_CONSTANT_CONVERSION = YES;
				CLANG_WARN_DIRECT_OBJC_ISA_USAGE = YES_ERROR;
				CLANG_WARN_DOCUMENTATION_COMMENTS = YES;
				CLANG_WARN_EMPTY_BODY = YES;
				CLANG_WARN_ENUM_CONVERSION = YES;
				CLANG_WARN_INFINITE_RECURSION = YES;
				CLANG_WARN_INT_CONVERSION = YES;
				CLANG_WARN_OBJC_ROOT_CLASS = YES_ERROR;
				CLANG_WARN_SUSPICIOUS_MOVE = YES;
				CLANG_WARN_UNREACHABLE_CODE = YES;
				CLANG_WARN__DUPLICATE_METHOD_MATCH = YES;
				"CODE_SIGN_IDENTITY[sdk=iphoneos*]" = "iPhone Developer";
				COPY_PHASE_STRIP = NO;
				DEBUG_INFORMATION_FORMAT = "dwarf-with-dsym";
				ENABLE_NS_ASSERTIONS = NO;
				ENABLE_STRICT_OBJC_MSGSEND = YES;
				GCC_C_LANGUAGE_STANDARD = gnu99;
				GCC_NO_COMMON_BLOCKS = YES;
				GCC_WARN_64_TO_32_BIT_CONVERSION = YES;
				GCC_WARN_ABOUT_RETURN_TYPE = YES_ERROR;
				GCC_WARN_UNDECLARED_SELECTOR = YES;
				GCC_WARN_UNINITIALIZED_AUTOS = YES_AGGRESSIVE;
				GCC_WARN_UNUSED_FUNCTION = YES;
				GCC_WARN_UNUSED_VARIABLE = YES;
				IPHONEOS_DEPLOYMENT_TARGET = 10.3;
				MTL_ENABLE_DEBUG_INFO = NO;
				SDKROOT = iphoneos;
				VALIDATE_PRODUCT = YES;
			};
			name = Release;
		};
		7768D7131F31EEBD00239118 /* Debug */ = {
			isa = XCBuildConfiguration;
			baseConfigurationReference = 8A70CD6013CD73F9F32D78CF /* Pods-CommonComponent.debug.xcconfig */;
			buildSettings = {
				DEVELOPMENT_TEAM = 4QQ5RB6ZS5;
				OTHER_LDFLAGS = "-ObjC";
				PRODUCT_NAME = "$(TARGET_NAME)";
				SKIP_INSTALL = YES;
			};
			name = Debug;
		};
		7768D7141F31EEBD00239118 /* Release */ = {
			isa = XCBuildConfiguration;
			baseConfigurationReference = F373FCDB5DDF3C5944FDF383 /* Pods-CommonComponent.release.xcconfig */;
			buildSettings = {
				DEVELOPMENT_TEAM = 4QQ5RB6ZS5;
				OTHER_LDFLAGS = "-ObjC";
				PRODUCT_NAME = "$(TARGET_NAME)";
				SKIP_INSTALL = YES;
			};
			name = Release;
		};
/* End XCBuildConfiguration section */

/* Begin XCConfigurationList section */
		7768D7041F31EEBD00239118 /* Build configuration list for PBXProject "CommonComponent" */ = {
			isa = XCConfigurationList;
			buildConfigurations = (
				7768D7101F31EEBD00239118 /* Debug */,
				7768D7111F31EEBD00239118 /* Release */,
			);
			defaultConfigurationIsVisible = 0;
			defaultConfigurationName = Release;
		};
		7768D7121F31EEBD00239118 /* Build configuration list for PBXNativeTarget "CommonComponent" */ = {
			isa = XCConfigurationList;
			buildConfigurations = (
				7768D7131F31EEBD00239118 /* Debug */,
				7768D7141F31EEBD00239118 /* Release */,
			);
			defaultConfigurationIsVisible = 0;
		};
/* End XCConfigurationList section */
	};
	rootObject = 7768D7011F31EEBD00239118 /* Project object */;
}
